// !$*UTF8*$!
{
	archiveVersion = 1;
	classes = {
	};
	objectVersion = 46;
	objects = {

/* Begin PBXBuildFile section */
		9ABE83B41D5AF34D002F8681 /* AppDelegate.swift in Sources */ = {isa = PBXBuildFile; fileRef = 9ABE83B31D5AF34D002F8681 /* AppDelegate.swift */; };
		9ABE83B61D5AF34D002F8681 /* ViewController.swift in Sources */ = {isa = PBXBuildFile; fileRef = 9ABE83B51D5AF34D002F8681 /* ViewController.swift */; };
		9ABE83B91D5AF34D002F8681 /* Main.storyboard in Resources */ = {isa = PBXBuildFile; fileRef = 9ABE83B71D5AF34D002F8681 /* Main.storyboard */; };
		9ABE83BB1D5AF34D002F8681 /* Assets.xcassets in Resources */ = {isa = PBXBuildFile; fileRef = 9ABE83BA1D5AF34D002F8681 /* Assets.xcassets */; };
		9ABE83BE1D5AF34D002F8681 /* LaunchScreen.storyboard in Resources */ = {isa = PBXBuildFile; fileRef = 9ABE83BC1D5AF34D002F8681 /* LaunchScreen.storyboard */; };
		9ABE83C91D5AF34D002F8681 /* RETests.swift in Sources */ = {isa = PBXBuildFile; fileRef = 9ABE83C81D5AF34D002F8681 /* RETests.swift */; };
		9ABE83D41D5AF34D002F8681 /* REUITests.swift in Sources */ = {isa = PBXBuildFile; fileRef = 9ABE83D31D5AF34D002F8681 /* REUITests.swift */; };
/* End PBXBuildFile section */

/* Begin PBXContainerItemProxy section */
		9ABE83C51D5AF34D002F8681 /* PBXContainerItemProxy */ = {
			isa = PBXContainerItemProxy;
			containerPortal = 9ABE83A81D5AF34C002F8681 /* Project object */;
			proxyType = 1;
			remoteGlobalIDString = 9ABE83AF1D5AF34C002F8681;
			remoteInfo = RE;
		};
		9ABE83D01D5AF34D002F8681 /* PBXContainerItemProxy */ = {
			isa = PBXContainerItemProxy;
			containerPortal = 9ABE83A81D5AF34C002F8681 /* Project object */;
			proxyType = 1;
			remoteGlobalIDString = 9ABE83AF1D5AF34C002F8681;
			remoteInfo = RE;
		};
/* End PBXContainerItemProxy section */

/* Begin PBXFileReference section */
		9ABE83B01D5AF34C002F8681 /* RE.app */ = {isa = PBXFileReference; explicitFileType = wrapper.application; includeInIndex = 0; path = RE.app; sourceTree = BUILT_PRODUCTS_DIR; };
		9ABE83B31D5AF34D002F8681 /* AppDelegate.swift */ = {isa = PBXFileReference; lastKnownFileType = sourcecode.swift; path = AppDelegate.swift; sourceTree = "<group>"; };
		9ABE83B51D5AF34D002F8681 /* ViewController.swift */ = {isa = PBXFileReference; lastKnownFileType = sourcecode.swift; path = ViewController.swift; sourceTree = "<group>"; };
		9ABE83B81D5AF34D002F8681 /* Base */ = {isa = PBXFileReference; lastKnownFileType = file.storyboard; name = Base; path = Base.lproj/Main.storyboard; sourceTree = "<group>"; };
		9ABE83BA1D5AF34D002F8681 /* Assets.xcassets */ = {isa = PBXFileReference; lastKnownFileType = folder.assetcatalog; path = Assets.xcassets; sourceTree = "<group>"; };
		9ABE83BD1D5AF34D002F8681 /* Base */ = {isa = PBXFileReference; lastKnownFileType = file.storyboard; name = Base; path = Base.lproj/LaunchScreen.storyboard; sourceTree = "<group>"; };
		9ABE83BF1D5AF34D002F8681 /* Info.plist */ = {isa = PBXFileReference; lastKnownFileType = text.plist.xml; path = Info.plist; sourceTree = "<group>"; };
		9ABE83C41D5AF34D002F8681 /* RETests.xctest */ = {isa = PBXFileReference; explicitFileType = wrapper.cfbundle; includeInIndex = 0; path = RETests.xctest; sourceTree = BUILT_PRODUCTS_DIR; };
		9ABE83C81D5AF34D002F8681 /* RETests.swift */ = {isa = PBXFileReference; lastKnownFileType = sourcecode.swift; path = RETests.swift; sourceTree = "<group>"; };
		9ABE83CA1D5AF34D002F8681 /* Info.plist */ = {isa = PBXFileReference; lastKnownFileType = text.plist.xml; path = Info.plist; sourceTree = "<group>"; };
		9ABE83CF1D5AF34D002F8681 /* REUITests.xctest */ = {isa = PBXFileReference; explicitFileType = wrapper.cfbundle; includeInIndex = 0; path = REUITests.xctest; sourceTree = BUILT_PRODUCTS_DIR; };
		9ABE83D31D5AF34D002F8681 /* REUITests.swift */ = {isa = PBXFileReference; lastKnownFileType = sourcecode.swift; path = REUITests.swift; sourceTree = "<group>"; };
		9ABE83D51D5AF34D002F8681 /* Info.plist */ = {isa = PBXFileReference; lastKnownFileType = text.plist.xml; path = Info.plist; sourceTree = "<group>"; };
/* End PBXFileReference section */

/* Begin PBXFrameworksBuildPhase section */
		9ABE83AD1D5AF34C002F8681 /* Frameworks */ = {
			isa = PBXFrameworksBuildPhase;
			buildActionMask = 2147483647;
			files = (
			);
			runOnlyForDeploymentPostprocessing = 0;
		};
		9ABE83C11D5AF34D002F8681 /* Frameworks */ = {
			isa = PBXFrameworksBuildPhase;
			buildActionMask = 2147483647;
			files = (
			);
			runOnlyForDeploymentPostprocessing = 0;
		};
		9ABE83CC1D5AF34D002F8681 /* Frameworks */ = {
			isa = PBXFrameworksBuildPhase;
			buildActionMask = 2147483647;
			files = (
			);
			runOnlyForDeploymentPostprocessing = 0;
		};
/* End PBXFrameworksBuildPhase section */

/* Begin PBXGroup section */
		9ABE83A71D5AF34C002F8681 = {
			isa = PBXGroup;
			children = (
				9ABE83B21D5AF34D002F8681 /* RE */,
				9ABE83C71D5AF34D002F8681 /* RETests */,
				9ABE83D21D5AF34D002F8681 /* REUITests */,
				9ABE83B11D5AF34C002F8681 /* Products */,
			);
			sourceTree = "<group>";
		};
		9ABE83B11D5AF34C002F8681 /* Products */ = {
			isa = PBXGroup;
			children = (
				9ABE83B01D5AF34C002F8681 /* RE.app */,
				9ABE83C41D5AF34D002F8681 /* RETests.xctest */,
				9ABE83CF1D5AF34D002F8681 /* REUITests.xctest */,
			);
			name = Products;
			sourceTree = "<group>";
		};
		9ABE83B21D5AF34D002F8681 /* RE */ = {
			isa = PBXGroup;
			children = (
				9ABE83B31D5AF34D002F8681 /* AppDelegate.swift */,
				9ABE83B51D5AF34D002F8681 /* ViewController.swift */,
				9ABE83B71D5AF34D002F8681 /* Main.storyboard */,
				9ABE83BA1D5AF34D002F8681 /* Assets.xcassets */,
				9ABE83BC1D5AF34D002F8681 /* LaunchScreen.storyboard */,
				9ABE83BF1D5AF34D002F8681 /* Info.plist */,
			);
			path = RE;
			sourceTree = "<group>";
		};
		9ABE83C71D5AF34D002F8681 /* RETests */ = {
			isa = PBXGroup;
			children = (
				9ABE83C81D5AF34D002F8681 /* RETests.swift */,
				9ABE83CA1D5AF34D002F8681 /* Info.plist */,
			);
			path = RETests;
			sourceTree = "<group>";
		};
		9ABE83D21D5AF34D002F8681 /* REUITests */ = {
			isa = PBXGroup;
			children = (
				9ABE83D31D5AF34D002F8681 /* REUITests.swift */,
				9ABE83D51D5AF34D002F8681 /* Info.plist */,
			);
			path = REUITests;
			sourceTree = "<group>";
		};
/* End PBXGroup section */

/* Begin PBXNativeTarget section */
		9ABE83AF1D5AF34C002F8681 /* RE */ = {
			isa = PBXNativeTarget;
			buildConfigurationList = 9ABE83D81D5AF34D002F8681 /* Build configuration list for PBXNativeTarget "RE" */;
			buildPhases = (
				9ABE83AC1D5AF34C002F8681 /* Sources */,
				9ABE83AD1D5AF34C002F8681 /* Frameworks */,
				9ABE83AE1D5AF34C002F8681 /* Resources */,
			);
			buildRules = (
			);
			dependencies = (
			);
			name = RE;
			productName = RE;
			productReference = 9ABE83B01D5AF34C002F8681 /* RE.app */;
			productType = "com.apple.product-type.application";
		};
		9ABE83C31D5AF34D002F8681 /* RETests */ = {
			isa = PBXNativeTarget;
			buildConfigurationList = 9ABE83DB1D5AF34D002F8681 /* Build configuration list for PBXNativeTarget "RETests" */;
			buildPhases = (
				9ABE83C01D5AF34D002F8681 /* Sources */,
				9ABE83C11D5AF34D002F8681 /* Frameworks */,
				9ABE83C21D5AF34D002F8681 /* Resources */,
			);
			buildRules = (
			);
			dependencies = (
				9ABE83C61D5AF34D002F8681 /* PBXTargetDependency */,
			);
			name = RETests;
			productName = RETests;
			productReference = 9ABE83C41D5AF34D002F8681 /* RETests.xctest */;
			productType = "com.apple.product-type.bundle.unit-test";
		};
		9ABE83CE1D5AF34D002F8681 /* REUITests */ = {
			isa = PBXNativeTarget;
			buildConfigurationList = 9ABE83DE1D5AF34D002F8681 /* Build configuration list for PBXNativeTarget "REUITests" */;
			buildPhases = (
				9ABE83CB1D5AF34D002F8681 /* Sources */,
				9ABE83CC1D5AF34D002F8681 /* Frameworks */,
				9ABE83CD1D5AF34D002F8681 /* Resources */,
			);
			buildRules = (
			);
			dependencies = (
				9ABE83D11D5AF34D002F8681 /* PBXTargetDependency */,
			);
			name = REUITests;
			productName = REUITests;
			productReference = 9ABE83CF1D5AF34D002F8681 /* REUITests.xctest */;
			productType = "com.apple.product-type.bundle.ui-testing";
		};
/* End PBXNativeTarget section */

/* Begin PBXProject section */
		9ABE83A81D5AF34C002F8681 /* Project object */ = {
			isa = PBXProject;
			attributes = {
				LastSwiftUpdateCheck = 0730;
				LastUpgradeCheck = 0730;
				ORGANIZATIONNAME = Webclues;
				TargetAttributes = {
					9ABE83AF1D5AF34C002F8681 = {
						CreatedOnToolsVersion = 7.3.1;
					};
					9ABE83C31D5AF34D002F8681 = {
						CreatedOnToolsVersion = 7.3.1;
						TestTargetID = 9ABE83AF1D5AF34C002F8681;
					};
					9ABE83CE1D5AF34D002F8681 = {
						CreatedOnToolsVersion = 7.3.1;
						TestTargetID = 9ABE83AF1D5AF34C002F8681;
					};
				};
			};
			buildConfigurationList = 9ABE83AB1D5AF34C002F8681 /* Build configuration list for PBXProject "RE" */;
			compatibilityVersion = "Xcode 3.2";
			developmentRegion = English;
			hasScannedForEncodings = 0;
			knownRegions = (
				en,
				Base,
			);
			mainGroup = 9ABE83A71D5AF34C002F8681;
			productRefGroup = 9ABE83B11D5AF34C002F8681 /* Products */;
			projectDirPath = "";
			projectRoot = "";
			targets = (
				9ABE83AF1D5AF34C002F8681 /* RE */,
				9ABE83C31D5AF34D002F8681 /* RETests */,
				9ABE83CE1D5AF34D002F8681 /* REUITests */,
			);
		};
/* End PBXProject section */

/* Begin PBXResourcesBuildPhase section */
		9ABE83AE1D5AF34C002F8681 /* Resources */ = {
			isa = PBXResourcesBuildPhase;
			buildActionMask = 2147483647;
			files = (
				9ABE83BE1D5AF34D002F8681 /* LaunchScreen.storyboard in Resources */,
				9ABE83BB1D5AF34D002F8681 /* Assets.xcassets in Resources */,
				9ABE83B91D5AF34D002F8681 /* Main.storyboard in Resources */,
			);
			runOnlyForDeploymentPostprocessing = 0;
		};
		9ABE83C21D5AF34D002F8681 /* Resources */ = {
			isa = PBXResourcesBuildPhase;
			buildActionMask = 2147483647;
			files = (
			);
			runOnlyForDeploymentPostprocessing = 0;
		};
		9ABE83CD1D5AF34D002F8681 /* Resources */ = {
			isa = PBXResourcesBuildPhase;
			buildActionMask = 2147483647;
			files = (
			);
			runOnlyForDeploymentPostprocessing = 0;
		};
/* End PBXResourcesBuildPhase section */

/* Begin PBXSourcesBuildPhase section */
		9ABE83AC1D5AF34C002F8681 /* Sources */ = {
			isa = PBXSourcesBuildPhase;
			buildActionMask = 2147483647;
			files = (
				9ABE83B61D5AF34D002F8681 /* ViewController.swift in Sources */,
				9ABE83B41D5AF34D002F8681 /* AppDelegate.swift in Sources */,
			);
			runOnlyForDeploymentPostprocessing = 0;
		};
		9ABE83C01D5AF34D002F8681 /* Sources */ = {
			isa = PBXSourcesBuildPhase;
			buildActionMask = 2147483647;
			files = (
				9ABE83C91D5AF34D002F8681 /* RETests.swift in Sources */,
			);
			runOnlyForDeploymentPostprocessing = 0;
		};
		9ABE83CB1D5AF34D002F8681 /* Sources */ = {
			isa = PBXSourcesBuildPhase;
			buildActionMask = 2147483647;
			files = (
				9ABE83D41D5AF34D002F8681 /* REUITests.swift in Sources */,
			);
			runOnlyForDeploymentPostprocessing = 0;
		};
/* End PBXSourcesBuildPhase section */

/* Begin PBXTargetDependency section */
		9ABE83C61D5AF34D002F8681 /* PBXTargetDependency */ = {
			isa = PBXTargetDependency;
			target = 9ABE83AF1D5AF34C002F8681 /* RE */;
			targetProxy = 9ABE83C51D5AF34D002F8681 /* PBXContainerItemProxy */;
		};
		9ABE83D11D5AF34D002F8681 /* PBXTargetDependency */ = {
			isa = PBXTargetDependency;
			target = 9ABE83AF1D5AF34C002F8681 /* RE */;
			targetProxy = 9ABE83D01D5AF34D002F8681 /* PBXContainerItemProxy */;
		};
/* End PBXTargetDependency section */

/* Begin PBXVariantGroup section */
		9ABE83B71D5AF34D002F8681 /* Main.storyboard */ = {
			isa = PBXVariantGroup;
			children = (
				9ABE83B81D5AF34D002F8681 /* Base */,
			);
			name = Main.storyboard;
			sourceTree = "<group>";
		};
		9ABE83BC1D5AF34D002F8681 /* LaunchScreen.storyboard */ = {
			isa = PBXVariantGroup;
			children = (
				9ABE83BD1D5AF34D002F8681 /* Base */,
			);
			name = LaunchScreen.storyboard;
			sourceTree = "<group>";
		};
/* End PBXVariantGroup section */

/* Begin XCBuildConfiguration section */
		9ABE83D61D5AF34D002F8681 /* Debug */ = {
			isa = XCBuildConfiguration;
			buildSettings = {
				ALWAYS_SEARCH_USER_PATHS = NO;
				CLANG_ANALYZER_NONNULL = YES;
				CLANG_CXX_LANGUAGE_STANDARD = "gnu++0x";
				CLANG_CXX_LIBRARY = "libc++";
				CLANG_ENABLE_MODULES = YES;
				CLANG_ENABLE_OBJC_ARC = YES;
				CLANG_WARN_BOOL_CONVERSION = YES;
				CLANG_WARN_CONSTANT_CONVERSION = YES;
				CLANG_WARN_DIRECT_OBJC_ISA_USAGE = YES_ERROR;
				CLANG_WARN_EMPTY_BODY = YES;
				CLANG_WARN_ENUM_CONVERSION = YES;
				CLANG_WARN_INT_CONVERSION = YES;
				CLANG_WARN_OBJC_ROOT_CLASS = YES_ERROR;
				CLANG_WARN_UNREACHABLE_CODE = YES;
				CLANG_WARN__DUPLICATE_METHOD_MATCH = YES;
				"CODE_SIGN_IDENTITY[sdk=iphoneos*]" = "iPhone Developer";
				COPY_PHASE_STRIP = NO;
				DEBUG_INFORMATION_FORMAT = dwarf;
				ENABLE_STRICT_OBJC_MSGSEND = YES;
				ENABLE_TESTABILITY = YES;
				GCC_C_LANGUAGE_STANDARD = gnu99;
				GCC_DYNAMIC_NO_PIC = NO;
				GCC_NO_COMMON_BLOCKS = YES;
				GCC_OPTIMIZATION_LEVEL = 0;
				GCC_PREPROCESSOR_DEFINITIONS = (
					"DEBUG=1",
					"$(inherited)",
				);
				GCC_WARN_64_TO_32_BIT_CONVERSION = YES;
				GCC_WARN_ABOUT_RETURN_TYPE = YES_ERROR;
				GCC_WARN_UNDECLARED_SELECTOR = YES;
				GCC_WARN_UNINITIALIZED_AUTOS = YES_AGGRESSIVE;
				GCC_WARN_UNUSED_FUNCTION = YES;
				GCC_WARN_UNUSED_VARIABLE = YES;
				IPHONEOS_DEPLOYMENT_TARGET = 9.3;
				MTL_ENABLE_DEBUG_INFO = YES;
				ONLY_ACTIVE_ARCH = YES;
				SDKROOT = iphoneos;
				SWIFT_OPTIMIZATION_LEVEL = "-Onone";
				TARGETED_DEVICE_FAMILY = 2;
			};
			name = Debug;
		};
		9ABE83D71D5AF34D002F8681 /* Release */ = {
			isa = XCBuildConfiguration;
			buildSettings = {
				ALWAYS_SEARCH_USER_PATHS = NO;
				CLANG_ANALYZER_NONNULL = YES;
				CLANG_CXX_LANGUAGE_STANDARD = "gnu++0x";
				CLANG_CXX_LIBRARY = "libc++";
				CLANG_ENABLE_MODULES = YES;
				CLANG_ENABLE_OBJC_ARC = YES;
				CLANG_WARN_BOOL_CONVERSION = YES;
				CLANG_WARN_CONSTANT_CONVERSION = YES;
				CLANG_WARN_DIRECT_OBJC_ISA_USAGE = YES_ERROR;
				CLANG_WARN_EMPTY_BODY = YES;
				CLANG_WARN_ENUM_CONVERSION = YES;
				CLANG_WARN_INT_CONVERSION = YES;
				CLANG_WARN_OBJC_ROOT_CLASS = YES_ERROR;
				CLANG_WARN_UNREACHABLE_CODE = YES;
				CLANG_WARN__DUPLICATE_METHOD_MATCH = YES;
				"CODE_SIGN_IDENTITY[sdk=iphoneos*]" = "iPhone Developer";
				COPY_PHASE_STRIP = NO;
				DEBUG_INFORMATION_FORMAT = "dwarf-with-dsym";
				ENABLE_NS_ASSERTIONS = NO;
				ENABLE_STRICT_OBJC_MSGSEND = YES;
				GCC_C_LANGUAGE_STANDARD = gnu99;
				GCC_NO_COMMON_BLOCKS = YES;
				GCC_WARN_64_TO_32_BIT_CONVERSION = YES;
				GCC_WARN_ABOUT_RETURN_TYPE = YES_ERROR;
				GCC_WARN_UNDECLARED_SELECTOR = YES;
				GCC_WARN_UNINITIALIZED_AUTOS = YES_AGGRESSIVE;
				GCC_WARN_UNUSED_FUNCTION = YES;
				GCC_WARN_UNUSED_VARIABLE = YES;
				IPHONEOS_DEPLOYMENT_TARGET = 9.3;
				MTL_ENABLE_DEBUG_INFO = NO;
				SDKROOT = iphoneos;
				TARGETED_DEVICE_FAMILY = 2;
				VALIDATE_PRODUCT = YES;
			};
			name = Release;
		};
		9ABE83D91D5AF34D002F8681 /* Debug */ = {
			isa = XCBuildConfiguration;
			buildSettings = {
				ASSETCATALOG_COMPILER_APPICON_NAME = AppIcon;
				INFOPLIST_FILE = RE/Info.plist;
				LD_RUNPATH_SEARCH_PATHS = "$(inherited) @executable_path/Frameworks";
				PRODUCT_BUNDLE_IDENTIFIER = com.webclues.RE;
				PRODUCT_NAME = "$(TARGET_NAME)";
			};
			name = Debug;
		};
		9ABE83DA1D5AF34D002F8681 /* Release */ = {
			isa = XCBuildConfiguration;
			buildSettings = {
				ASSETCATALOG_COMPILER_APPICON_NAME = AppIcon;
				INFOPLIST_FILE = RE/Info.plist;
				LD_RUNPATH_SEARCH_PATHS = "$(inherited) @executable_path/Frameworks";
				PRODUCT_BUNDLE_IDENTIFIER = com.webclues.RE;
				PRODUCT_NAME = "$(TARGET_NAME)";
			};
			name = Release;
		};
		9ABE83DC1D5AF34D002F8681 /* Debug */ = {
			isa = XCBuildConfiguration;
			buildSettings = {
				BUNDLE_LOADER = "$(TEST_HOST)";
				INFOPLIST_FILE = RETests/Info.plist;
				LD_RUNPATH_SEARCH_PATHS = "$(inherited) @executable_path/Frameworks @loader_path/Frameworks";
				PRODUCT_BUNDLE_IDENTIFIER = com.webclues.RETests;
				PRODUCT_NAME = "$(TARGET_NAME)";
				TEST_HOST = "$(BUILT_PRODUCTS_DIR)/RE.app/RE";
			};
			name = Debug;
		};
		9ABE83DD1D5AF34D002F8681 /* Release */ = {
			isa = XCBuildConfiguration;
			buildSettings = {
				BUNDLE_LOADER = "$(TEST_HOST)";
				INFOPLIST_FILE = RETests/Info.plist;
				LD_RUNPATH_SEARCH_PATHS = "$(inherited) @executable_path/Frameworks @loader_path/Frameworks";
				PRODUCT_BUNDLE_IDENTIFIER = com.webclues.RETests;
				PRODUCT_NAME = "$(TARGET_NAME)";
				TEST_HOST = "$(BUILT_PRODUCTS_DIR)/RE.app/RE";
			};
			name = Release;
		};
		9ABE83DF1D5AF34D002F8681 /* Debug */ = {
			isa = XCBuildConfiguration;
			buildSettings = {
				INFOPLIST_FILE = REUITests/Info.plist;
				LD_RUNPATH_SEARCH_PATHS = "$(inherited) @executable_path/Frameworks @loader_path/Frameworks";
				PRODUCT_BUNDLE_IDENTIFIER = com.webclues.REUITests;
				PRODUCT_NAME = "$(TARGET_NAME)";
				TEST_TARGET_NAME = RE;
			};
			name = Debug;
		};
		9ABE83E01D5AF34D002F8681 /* Release */ = {
			isa = XCBuildConfiguration;
			buildSettings = {
				INFOPLIST_FILE = REUITests/Info.plist;
				LD_RUNPATH_SEARCH_PATHS = "$(inherited) @executable_path/Frameworks @loader_path/Frameworks";
				PRODUCT_BUNDLE_IDENTIFIER = com.webclues.REUITests;
				PRODUCT_NAME = "$(TARGET_NAME)";
				TEST_TARGET_NAME = RE;
			};
			name = Release;
		};
/* End XCBuildConfiguration section */

/* Begin XCConfigurationList section */
		9ABE83AB1D5AF34C002F8681 /* Build configuration list for PBXProject "RE" */ = {
			isa = XCConfigurationList;
			buildConfigurations = (
				9ABE83D61D5AF34D002F8681 /* Debug */,
				9ABE83D71D5AF34D002F8681 /* Release */,
			);
			defaultConfigurationIsVisible = 0;
			defaultConfigurationName = Release;
		};
		9ABE83D81D5AF34D002F8681 /* Build configuration list for PBXNativeTarget "RE" */ = {
			isa = XCConfigurationList;
			buildConfigurations = (
				9ABE83D91D5AF34D002F8681 /* Debug */,
				9ABE83DA1D5AF34D002F8681 /* Release */,
			);
			defaultConfigurationIsVisible = 0;
		};
		9ABE83DB1D5AF34D002F8681 /* Build configuration list for PBXNativeTarget "RETests" */ = {
			isa = XCConfigurationList;
			buildConfigurations = (
				9ABE83DC1D5AF34D002F8681 /* Debug */,
				9ABE83DD1D5AF34D002F8681 /* Release */,
			);
			defaultConfigurationIsVisible = 0;
		};
		9ABE83DE1D5AF34D002F8681 /* Build configuration list for PBXNativeTarget "REUITests" */ = {
			isa = XCConfigurationList;
			buildConfigurations = (
				9ABE83DF1D5AF34D002F8681 /* Debug */,
				9ABE83E01D5AF34D002F8681 /* Release */,
			);
			defaultConfigurationIsVisible = 0;
		};
/* End XCConfigurationList section */
	};
	rootObject = 9ABE83A81D5AF34C002F8681 /* Project object */;
}
